
Microsoft Visual Studio Solution File, Format Version 12.00
# Visual Studio 15
VisualStudioVersion = 15.0.28010.2041
MinimumVisualStudioVersion = 10.0.40219.1
Project("{FAE04EC0-301F-11D3-BF4B-00C04F79EFBC}") = "StringFunctions", "StringFunctions\StringFunctions.csproj", "{8780D5D9-9255-4BE0-8D3E-0AE6F177A5EB}"
EndProject
Global
	GlobalSection(SolutionConfigurationPlatforms) = preSolution
		Debug|Any CPU = Debug|Any CPU
		Release|Any CPU = Release|Any CPU
	EndGlobalSection
	GlobalSection(ProjectConfigurationPlatforms) = postSolution
		{8780D5D9-9255-4BE0-8D3E-0AE6F177A5EB}.Debug|Any CPU.ActiveCfg = Debug|Any CPU
		{8780D5D9-9255-4BE0-8D3E-0AE6F177A5EB}.Debug|Any CPU.Build.0 = Debug|Any CPU
		{8780D5D9-9255-4BE0-8D3E-0AE6F177A5EB}.Release|Any CPU.ActiveCfg = Release|Any CPU
		{8780D5D9-9255-4BE0-8D3E-0AE6F177A5EB}.Release|Any CPU.Build.0 = Release|Any CPU
	EndGlobalSection
	GlobalSection(SolutionProperties) = preSolution
		HideSolutionNode = FALSE
	EndGlobalSection
	GlobalSection(ExtensibilityGlobals) = postSolution
		SolutionGuid = {C076070C-A08C-444D-AF90-CFD0CF8985F8}
	EndGlobalSection
EndGlobal
