
Microsoft Visual Studio Solution File, Format Version 12.00
# Visual Studio 15
VisualStudioVersion = 15.0.28010.2041
MinimumVisualStudioVersion = 10.0.40219.1
Project("{FAE04EC0-301F-11D3-BF4B-00C04F79EFBC}") = "CodeFirst", "CodeFirst.csproj", "{0E70A386-A3AC-43D0-8C01-404781A3215F}"
EndProject
Global
	GlobalSection(SolutionConfigurationPlatforms) = preSolution
		Debug|Any CPU = Debug|Any CPU
		Release|Any CPU = Release|Any CPU
	EndGlobalSection
	GlobalSection(ProjectConfigurationPlatforms) = postSolution
		{0E70A386-A3AC-43D0-8C01-404781A3215F}.Debug|Any CPU.ActiveCfg = Debug|Any CPU
		{0E70A386-A3AC-43D0-8C01-404781A3215F}.Debug|Any CPU.Build.0 = Debug|Any CPU
		{0E70A386-A3AC-43D0-8C01-404781A3215F}.Release|Any CPU.ActiveCfg = Release|Any CPU
		{0E70A386-A3AC-43D0-8C01-404781A3215F}.Release|Any CPU.Build.0 = Release|Any CPU
	EndGlobalSection
	GlobalSection(SolutionProperties) = preSolution
		HideSolutionNode = FALSE
	EndGlobalSection
	GlobalSection(ExtensibilityGlobals) = postSolution
		SolutionGuid = {BC1EA96B-A165-4544-9702-4E75B551D468}
	EndGlobalSection
EndGlobal
