
Microsoft Visual Studio Solution File, Format Version 12.00
# Visual Studio 15
VisualStudioVersion = 15.0.28307.168
MinimumVisualStudioVersion = 10.0.40219.1
Project("{FAE04EC0-301F-11D3-BF4B-00C04F79EFBC}") = "ContosoUniversity", "ContosoUniversity\ContosoUniversity.csproj", "{CFC1B2A6-3AC6-4268-B57F-A917D2BE4816}"
EndProject
Global
	GlobalSection(SolutionConfigurationPlatforms) = preSolution
		Debug|Any CPU = Debug|Any CPU
		Release|Any CPU = Release|Any CPU
	EndGlobalSection
	GlobalSection(ProjectConfigurationPlatforms) = postSolution
		{CFC1B2A6-3AC6-4268-B57F-A917D2BE4816}.Debug|Any CPU.ActiveCfg = Debug|Any CPU
		{CFC1B2A6-3AC6-4268-B57F-A917D2BE4816}.Debug|Any CPU.Build.0 = Debug|Any CPU
		{CFC1B2A6-3AC6-4268-B57F-A917D2BE4816}.Release|Any CPU.ActiveCfg = Release|Any CPU
		{CFC1B2A6-3AC6-4268-B57F-A917D2BE4816}.Release|Any CPU.Build.0 = Release|Any CPU
	EndGlobalSection
	GlobalSection(SolutionProperties) = preSolution
		HideSolutionNode = FALSE
	EndGlobalSection
	GlobalSection(ExtensibilityGlobals) = postSolution
		SolutionGuid = {4B6C174A-BA87-47A1-8749-E69B39005D7F}
	EndGlobalSection
EndGlobal
