
Microsoft Visual Studio Solution File, Format Version 12.00
# Visual Studio 15
VisualStudioVersion = 15.0.28010.2041
MinimumVisualStudioVersion = 10.0.40219.1
Project("{FAE04EC0-301F-11D3-BF4B-00C04F79EFBC}") = "TwentyOne", "TwentyOne\TwentyOne.csproj", "{064474FD-6198-451C-86B4-EBB88C05BCF3}"
EndProject
Project("{FAE04EC0-301F-11D3-BF4B-00C04F79EFBC}") = "Casino", "Casino\Casino.csproj", "{800D1DD5-20B2-41F5-9B1F-803B5A61FBDE}"
EndProject
Global
	GlobalSection(SolutionConfigurationPlatforms) = preSolution
		Debug|Any CPU = Debug|Any CPU
		Release|Any CPU = Release|Any CPU
	EndGlobalSection
	GlobalSection(ProjectConfigurationPlatforms) = postSolution
		{064474FD-6198-451C-86B4-EBB88C05BCF3}.Debug|Any CPU.ActiveCfg = Debug|Any CPU
		{064474FD-6198-451C-86B4-EBB88C05BCF3}.Debug|Any CPU.Build.0 = Debug|Any CPU
		{064474FD-6198-451C-86B4-EBB88C05BCF3}.Release|Any CPU.ActiveCfg = Release|Any CPU
		{064474FD-6198-451C-86B4-EBB88C05BCF3}.Release|Any CPU.Build.0 = Release|Any CPU
		{800D1DD5-20B2-41F5-9B1F-803B5A61FBDE}.Debug|Any CPU.ActiveCfg = Debug|Any CPU
		{800D1DD5-20B2-41F5-9B1F-803B5A61FBDE}.Debug|Any CPU.Build.0 = Debug|Any CPU
		{800D1DD5-20B2-41F5-9B1F-803B5A61FBDE}.Release|Any CPU.ActiveCfg = Release|Any CPU
		{800D1DD5-20B2-41F5-9B1F-803B5A61FBDE}.Release|Any CPU.Build.0 = Release|Any CPU
	EndGlobalSection
	GlobalSection(SolutionProperties) = preSolution
		HideSolutionNode = FALSE
	EndGlobalSection
	GlobalSection(ExtensibilityGlobals) = postSolution
		SolutionGuid = {342A3449-7BC2-4745-B1BB-950B5359E723}
	EndGlobalSection
EndGlobal
