
Microsoft Visual Studio Solution File, Format Version 12.00
# Visual Studio 15
VisualStudioVersion = 15.0.28010.2041
MinimumVisualStudioVersion = 10.0.40219.1
Project("{FAE04EC0-301F-11D3-BF4B-00C04F79EFBC}") = "MethodDrill2", "MethodDrill2\MethodDrill2.csproj", "{E0D80402-05E8-4BA8-8DFA-4B193FB7582B}"
EndProject
Global
	GlobalSection(SolutionConfigurationPlatforms) = preSolution
		Debug|Any CPU = Debug|Any CPU
		Release|Any CPU = Release|Any CPU
	EndGlobalSection
	GlobalSection(ProjectConfigurationPlatforms) = postSolution
		{E0D80402-05E8-4BA8-8DFA-4B193FB7582B}.Debug|Any CPU.ActiveCfg = Debug|Any CPU
		{E0D80402-05E8-4BA8-8DFA-4B193FB7582B}.Debug|Any CPU.Build.0 = Debug|Any CPU
		{E0D80402-05E8-4BA8-8DFA-4B193FB7582B}.Release|Any CPU.ActiveCfg = Release|Any CPU
		{E0D80402-05E8-4BA8-8DFA-4B193FB7582B}.Release|Any CPU.Build.0 = Release|Any CPU
	EndGlobalSection
	GlobalSection(SolutionProperties) = preSolution
		HideSolutionNode = FALSE
	EndGlobalSection
	GlobalSection(ExtensibilityGlobals) = postSolution
		SolutionGuid = {6920B959-2309-461A-A469-49D24BCE95AD}
	EndGlobalSection
EndGlobal
