
Microsoft Visual Studio Solution File, Format Version 12.00
# Visual Studio 15
VisualStudioVersion = 15.0.28010.2041
MinimumVisualStudioVersion = 10.0.40219.1
Project("{FAE04EC0-301F-11D3-BF4B-00C04F79EFBC}") = "NameMethodDrill", "NameMethodDrill\NameMethodDrill.csproj", "{6F27F501-7B74-4F8E-87A7-09A511D02DB0}"
EndProject
Global
	GlobalSection(SolutionConfigurationPlatforms) = preSolution
		Debug|Any CPU = Debug|Any CPU
		Release|Any CPU = Release|Any CPU
	EndGlobalSection
	GlobalSection(ProjectConfigurationPlatforms) = postSolution
		{6F27F501-7B74-4F8E-87A7-09A511D02DB0}.Debug|Any CPU.ActiveCfg = Debug|Any CPU
		{6F27F501-7B74-4F8E-87A7-09A511D02DB0}.Debug|Any CPU.Build.0 = Debug|Any CPU
		{6F27F501-7B74-4F8E-87A7-09A511D02DB0}.Release|Any CPU.ActiveCfg = Release|Any CPU
		{6F27F501-7B74-4F8E-87A7-09A511D02DB0}.Release|Any CPU.Build.0 = Release|Any CPU
	EndGlobalSection
	GlobalSection(SolutionProperties) = preSolution
		HideSolutionNode = FALSE
	EndGlobalSection
	GlobalSection(ExtensibilityGlobals) = postSolution
		SolutionGuid = {4BFF776D-5AFD-40D6-87FE-7F1C792365F2}
	EndGlobalSection
EndGlobal
